
Microsoft Visual Studio Solution File, Format Version 12.00
# Visual Studio Version 16
VisualStudioVersion = 16.0.29324.140
MinimumVisualStudioVersion = 10.0.40219.1
Project("{FAE04EC0-301F-11D3-BF4B-00C04F79EFBC}") = "HotelEpam", "HotelEpam\HotelEpam.csproj", "{A2042DBE-F220-4FE3-81B5-D768860DCF2C}"
EndProject
Project("{FAE04EC0-301F-11D3-BF4B-00C04F79EFBC}") = "ServiceLibrary", "ServiseLibrary\ServiceLibrary.csproj", "{46178929-0607-4E2E-A7B9-DAFB99B43E22}"
EndProject
Global
	GlobalSection(SolutionConfigurationPlatforms) = preSolution
		Debug|Any CPU = Debug|Any CPU
		Release|Any CPU = Release|Any CPU
	EndGlobalSection
	GlobalSection(ProjectConfigurationPlatforms) = postSolution
		{A2042DBE-F220-4FE3-81B5-D768860DCF2C}.Debug|Any CPU.ActiveCfg = Debug|Any CPU
		{A2042DBE-F220-4FE3-81B5-D768860DCF2C}.Debug|Any CPU.Build.0 = Debug|Any CPU
		{A2042DBE-F220-4FE3-81B5-D768860DCF2C}.Release|Any CPU.ActiveCfg = Release|Any CPU
		{A2042DBE-F220-4FE3-81B5-D768860DCF2C}.Release|Any CPU.Build.0 = Release|Any CPU
		{46178929-0607-4E2E-A7B9-DAFB99B43E22}.Debug|Any CPU.ActiveCfg = Debug|Any CPU
		{46178929-0607-4E2E-A7B9-DAFB99B43E22}.Debug|Any CPU.Build.0 = Debug|Any CPU
		{46178929-0607-4E2E-A7B9-DAFB99B43E22}.Release|Any CPU.ActiveCfg = Release|Any CPU
		{46178929-0607-4E2E-A7B9-DAFB99B43E22}.Release|Any CPU.Build.0 = Release|Any CPU
	EndGlobalSection
	GlobalSection(SolutionProperties) = preSolution
		HideSolutionNode = FALSE
	EndGlobalSection
	GlobalSection(ExtensibilityGlobals) = postSolution
		SolutionGuid = {3DDDA9AB-9CF7-4857-A71A-8B3DF5F56C43}
	EndGlobalSection
EndGlobal
